
Microsoft Visual Studio Solution File, Format Version 12.00
# Visual Studio 15
VisualStudioVersion = 15.0.26403.7
MinimumVisualStudioVersion = 10.0.40219.1
Project("{FAE04EC0-301F-11D3-BF4B-00C04F79EFBC}") = "LeadForm", "LeadForm\LeadForm.csproj", "{50CCF614-C6F1-4BBA-99DB-567E3389D39F}"
EndProject
Project("{FAE04EC0-301F-11D3-BF4B-00C04F79EFBC}") = "LeadForm.Tests", "LeadForm.Tests\LeadForm.Tests.csproj", "{3D67CAA8-EBD8-4DDC-8F2A-B48861B00AE2}"
EndProject
Global
	GlobalSection(SolutionConfigurationPlatforms) = preSolution
		Debug|Any CPU = Debug|Any CPU
		Release|Any CPU = Release|Any CPU
	EndGlobalSection
	GlobalSection(ProjectConfigurationPlatforms) = postSolution
		{50CCF614-C6F1-4BBA-99DB-567E3389D39F}.Debug|Any CPU.ActiveCfg = Debug|Any CPU
		{50CCF614-C6F1-4BBA-99DB-567E3389D39F}.Debug|Any CPU.Build.0 = Debug|Any CPU
		{50CCF614-C6F1-4BBA-99DB-567E3389D39F}.Release|Any CPU.ActiveCfg = Release|Any CPU
		{50CCF614-C6F1-4BBA-99DB-567E3389D39F}.Release|Any CPU.Build.0 = Release|Any CPU
		{3D67CAA8-EBD8-4DDC-8F2A-B48861B00AE2}.Debug|Any CPU.ActiveCfg = Debug|Any CPU
		{3D67CAA8-EBD8-4DDC-8F2A-B48861B00AE2}.Debug|Any CPU.Build.0 = Debug|Any CPU
		{3D67CAA8-EBD8-4DDC-8F2A-B48861B00AE2}.Release|Any CPU.ActiveCfg = Release|Any CPU
		{3D67CAA8-EBD8-4DDC-8F2A-B48861B00AE2}.Release|Any CPU.Build.0 = Release|Any CPU
	EndGlobalSection
	GlobalSection(SolutionProperties) = preSolution
		HideSolutionNode = FALSE
	EndGlobalSection
EndGlobal
